
Microsoft Visual Studio Solution File, Format Version 12.00
# Visual Studio Version 17
VisualStudioVersion = 17.4.33205.214
MinimumVisualStudioVersion = 10.0.40219.1
Project("{FAE04EC0-301F-11D3-BF4B-00C04F79EFBC}") = "WeatherClientTool_Core", "WeatherClientTool_Core\WeatherClientTool_Core.csproj", "{37205E91-4EE6-4693-A09A-E8BC76ADDB34}"
EndProject
Project("{FAE04EC0-301F-11D3-BF4B-00C04F79EFBC}") = "WeatherClientTool_Core.BAL", "WeatherClientTool_Core.BAL\WeatherClientTool_Core.BAL.csproj", "{614F01E4-67A9-4AE6-BCB6-040114191E02}"
EndProject
Project("{FAE04EC0-301F-11D3-BF4B-00C04F79EFBC}") = "WeatherClientTool_Core.DAL", "WeatherClientTool_Core.DAL\WeatherClientTool_Core.DAL.csproj", "{251C458C-9BFB-41A1-83DB-AB5F16505664}"
EndProject
Project("{FAE04EC0-301F-11D3-BF4B-00C04F79EFBC}") = "WeatherClientTool_Core.Models", "WeatherClientTool_Core.Models\WeatherClientTool_Core.Models.csproj", "{D804EB0E-626D-4763-8C72-C3F9F1D9D3B6}"
EndProject
Project("{FAE04EC0-301F-11D3-BF4B-00C04F79EFBC}") = "CustomNUnitTestProject", "CustomNUnitTestProject\CustomNUnitTestProject.csproj", "{359CB733-F73B-4D5B-B469-2FA57C6FF205}"
EndProject
Global
	GlobalSection(SolutionConfigurationPlatforms) = preSolution
		Debug|Any CPU = Debug|Any CPU
		Release|Any CPU = Release|Any CPU
	EndGlobalSection
	GlobalSection(ProjectConfigurationPlatforms) = postSolution
		{37205E91-4EE6-4693-A09A-E8BC76ADDB34}.Debug|Any CPU.ActiveCfg = Debug|Any CPU
		{37205E91-4EE6-4693-A09A-E8BC76ADDB34}.Debug|Any CPU.Build.0 = Debug|Any CPU
		{37205E91-4EE6-4693-A09A-E8BC76ADDB34}.Release|Any CPU.ActiveCfg = Release|Any CPU
		{37205E91-4EE6-4693-A09A-E8BC76ADDB34}.Release|Any CPU.Build.0 = Release|Any CPU
		{614F01E4-67A9-4AE6-BCB6-040114191E02}.Debug|Any CPU.ActiveCfg = Debug|Any CPU
		{614F01E4-67A9-4AE6-BCB6-040114191E02}.Debug|Any CPU.Build.0 = Debug|Any CPU
		{614F01E4-67A9-4AE6-BCB6-040114191E02}.Release|Any CPU.ActiveCfg = Release|Any CPU
		{614F01E4-67A9-4AE6-BCB6-040114191E02}.Release|Any CPU.Build.0 = Release|Any CPU
		{251C458C-9BFB-41A1-83DB-AB5F16505664}.Debug|Any CPU.ActiveCfg = Debug|Any CPU
		{251C458C-9BFB-41A1-83DB-AB5F16505664}.Debug|Any CPU.Build.0 = Debug|Any CPU
		{251C458C-9BFB-41A1-83DB-AB5F16505664}.Release|Any CPU.ActiveCfg = Release|Any CPU
		{251C458C-9BFB-41A1-83DB-AB5F16505664}.Release|Any CPU.Build.0 = Release|Any CPU
		{D804EB0E-626D-4763-8C72-C3F9F1D9D3B6}.Debug|Any CPU.ActiveCfg = Debug|Any CPU
		{D804EB0E-626D-4763-8C72-C3F9F1D9D3B6}.Debug|Any CPU.Build.0 = Debug|Any CPU
		{D804EB0E-626D-4763-8C72-C3F9F1D9D3B6}.Release|Any CPU.ActiveCfg = Release|Any CPU
		{D804EB0E-626D-4763-8C72-C3F9F1D9D3B6}.Release|Any CPU.Build.0 = Release|Any CPU
		{359CB733-F73B-4D5B-B469-2FA57C6FF205}.Debug|Any CPU.ActiveCfg = Debug|Any CPU
		{359CB733-F73B-4D5B-B469-2FA57C6FF205}.Debug|Any CPU.Build.0 = Debug|Any CPU
		{359CB733-F73B-4D5B-B469-2FA57C6FF205}.Release|Any CPU.ActiveCfg = Release|Any CPU
		{359CB733-F73B-4D5B-B469-2FA57C6FF205}.Release|Any CPU.Build.0 = Release|Any CPU
	EndGlobalSection
	GlobalSection(SolutionProperties) = preSolution
		HideSolutionNode = FALSE
	EndGlobalSection
	GlobalSection(ExtensibilityGlobals) = postSolution
		SolutionGuid = {54BBD72D-2829-448F-9034-390717DE0D6A}
	EndGlobalSection
EndGlobal
